
Microsoft Visual Studio Solution File, Format Version 10.00
# Visual Basic Express 2008
Project("{F184B08F-C81C-45F6-A57F-5ABD9991F28F}") = "cal", "cal.vbproj", "{2413D2C1-69B6-46A3-8368-E36D03D6A946}"
EndProject
Global
	GlobalSection(SolutionConfigurationPlatforms) = preSolution
		Debug|Any CPU = Debug|Any CPU
		Release|Any CPU = Release|Any CPU
	EndGlobalSection
	GlobalSection(ProjectConfigurationPlatforms) = postSolution
		{2413D2C1-69B6-46A3-8368-E36D03D6A946}.Debug|Any CPU.ActiveCfg = Debug|Any CPU
		{2413D2C1-69B6-46A3-8368-E36D03D6A946}.Debug|Any CPU.Build.0 = Debug|Any CPU
		{2413D2C1-69B6-46A3-8368-E36D03D6A946}.Release|Any CPU.ActiveCfg = Release|Any CPU
		{2413D2C1-69B6-46A3-8368-E36D03D6A946}.Release|Any CPU.Build.0 = Release|Any CPU
	EndGlobalSection
	GlobalSection(SolutionProperties) = preSolution
		HideSolutionNode = FALSE
	EndGlobalSection
EndGlobal
