
Microsoft Visual Studio Solution File, Format Version 10.00
# Visual Basic Express 2008
Project("{F184B08F-C81C-45F6-A57F-5ABD9991F28F}") = "Exm-04-E", "Exm-04-E\Exm-04-E.vbproj", "{3401B5BE-31E2-47D4-8A35-29B2F30559DB}"
EndProject
Global
	GlobalSection(SolutionConfigurationPlatforms) = preSolution
		Debug|Any CPU = Debug|Any CPU
		Release|Any CPU = Release|Any CPU
	EndGlobalSection
	GlobalSection(ProjectConfigurationPlatforms) = postSolution
		{3401B5BE-31E2-47D4-8A35-29B2F30559DB}.Debug|Any CPU.ActiveCfg = Debug|Any CPU
		{3401B5BE-31E2-47D4-8A35-29B2F30559DB}.Debug|Any CPU.Build.0 = Debug|Any CPU
		{3401B5BE-31E2-47D4-8A35-29B2F30559DB}.Release|Any CPU.ActiveCfg = Release|Any CPU
		{3401B5BE-31E2-47D4-8A35-29B2F30559DB}.Release|Any CPU.Build.0 = Release|Any CPU
	EndGlobalSection
	GlobalSection(SolutionProperties) = preSolution
		HideSolutionNode = FALSE
	EndGlobalSection
EndGlobal
